
Microsoft Visual Studio Solution File, Format Version 12.00
# Visual Studio Version 17
VisualStudioVersion = 17.11.35222.181
MinimumVisualStudioVersion = 10.0.40219.1
Project("{FAE04EC0-301F-11D3-BF4B-00C04F79EFBC}") = "AppLogin", "AppLogin\AppLogin.csproj", "{C913176B-DCD1-4F12-ABFF-DE89C7FC1F3D}"
EndProject
Global
	GlobalSection(SolutionConfigurationPlatforms) = preSolution
		Debug|Any CPU = Debug|Any CPU
		Release|Any CPU = Release|Any CPU
	EndGlobalSection
	GlobalSection(ProjectConfigurationPlatforms) = postSolution
		{C913176B-DCD1-4F12-ABFF-DE89C7FC1F3D}.Debug|Any CPU.ActiveCfg = Debug|Any CPU
		{C913176B-DCD1-4F12-ABFF-DE89C7FC1F3D}.Debug|Any CPU.Build.0 = Debug|Any CPU
		{C913176B-DCD1-4F12-ABFF-DE89C7FC1F3D}.Release|Any CPU.ActiveCfg = Release|Any CPU
		{C913176B-DCD1-4F12-ABFF-DE89C7FC1F3D}.Release|Any CPU.Build.0 = Release|Any CPU
	EndGlobalSection
	GlobalSection(SolutionProperties) = preSolution
		HideSolutionNode = FALSE
	EndGlobalSection
	GlobalSection(ExtensibilityGlobals) = postSolution
		SolutionGuid = {91874898-9570-4AAE-ABC8-CBCB15542F0C}
	EndGlobalSection
EndGlobal
